
Microsoft Visual Studio Solution File, Format Version 12.00
# Visual Studio Version 17
VisualStudioVersion = 17.14.36717.8
MinimumVisualStudioVersion = 10.0.40219.1
Project("{8BC9CEB8-8B4A-11D0-8D11-00A0C91BC942}") = "Reef Hub", "Reef Hub\Reef_Hub.vcxproj", "{90B32C52-AE63-4349-B1A7-95D4A886244D}"
	ProjectSection(ProjectDependencies) = postProject
		{D4752F9C-0B3B-46ED-8835-B44FD3BFBCF4} = {D4752F9C-0B3B-46ED-8835-B44FD3BFBCF4}
	EndProjectSection
EndProject
Project("{8BC9CEB8-8B4A-11D0-8D11-00A0C91BC942}") = "Reef Editor", "Reef Engine\Reef Engine.vcxproj", "{35D14F32-BDF3-40B3-AB47-A67D8DB8A81D}"
EndProject
Project("{8BC9CEB8-8B4A-11D0-8D11-00A0C91BC942}") = "EngineCore", "common\common.vcxproj", "{D4752F9C-0B3B-46ED-8835-B44FD3BFBCF4}"
EndProject
Project("{8BC9CEB8-8B4A-11D0-8D11-00A0C91BC942}") = "Reef Runtime", "Reef Runtime\Reef Runtime.vcxproj", "{E3EAA102-F8CB-4087-B571-134C804BF222}"
EndProject
Project("{8BC9CEB8-8B4A-11D0-8D11-00A0C91BC942}") = "Game", "Game\Game.vcxproj", "{915095DA-171A-4899-9A8C-2AA08515D084}"
EndProject
Global
	GlobalSection(SolutionConfigurationPlatforms) = preSolution
		Debug|x64 = Debug|x64
		Debug|x86 = Debug|x86
		Release|x64 = Release|x64
		Release|x86 = Release|x86
	EndGlobalSection
	GlobalSection(ProjectConfigurationPlatforms) = postSolution
		{90B32C52-AE63-4349-B1A7-95D4A886244D}.Debug|x64.ActiveCfg = Debug|x64
		{90B32C52-AE63-4349-B1A7-95D4A886244D}.Debug|x64.Build.0 = Debug|x64
		{90B32C52-AE63-4349-B1A7-95D4A886244D}.Debug|x86.ActiveCfg = Debug|Win32
		{90B32C52-AE63-4349-B1A7-95D4A886244D}.Debug|x86.Build.0 = Debug|Win32
		{90B32C52-AE63-4349-B1A7-95D4A886244D}.Release|x64.ActiveCfg = Release|x64
		{90B32C52-AE63-4349-B1A7-95D4A886244D}.Release|x64.Build.0 = Release|x64
		{90B32C52-AE63-4349-B1A7-95D4A886244D}.Release|x86.ActiveCfg = Release|Win32
		{90B32C52-AE63-4349-B1A7-95D4A886244D}.Release|x86.Build.0 = Release|Win32
		{35D14F32-BDF3-40B3-AB47-A67D8DB8A81D}.Debug|x64.ActiveCfg = Debug|x64
		{35D14F32-BDF3-40B3-AB47-A67D8DB8A81D}.Debug|x64.Build.0 = Debug|x64
		{35D14F32-BDF3-40B3-AB47-A67D8DB8A81D}.Debug|x86.ActiveCfg = Debug|Win32
		{35D14F32-BDF3-40B3-AB47-A67D8DB8A81D}.Debug|x86.Build.0 = Debug|Win32
		{35D14F32-BDF3-40B3-AB47-A67D8DB8A81D}.Release|x64.ActiveCfg = Release|x64
		{35D14F32-BDF3-40B3-AB47-A67D8DB8A81D}.Release|x64.Build.0 = Release|x64
		{35D14F32-BDF3-40B3-AB47-A67D8DB8A81D}.Release|x86.ActiveCfg = Release|Win32
		{35D14F32-BDF3-40B3-AB47-A67D8DB8A81D}.Release|x86.Build.0 = Release|Win32
		{D4752F9C-0B3B-46ED-8835-B44FD3BFBCF4}.Debug|x64.ActiveCfg = Debug|x64
		{D4752F9C-0B3B-46ED-8835-B44FD3BFBCF4}.Debug|x64.Build.0 = Debug|x64
		{D4752F9C-0B3B-46ED-8835-B44FD3BFBCF4}.Debug|x86.ActiveCfg = Debug|Win32
		{D4752F9C-0B3B-46ED-8835-B44FD3BFBCF4}.Debug|x86.Build.0 = Debug|Win32
		{D4752F9C-0B3B-46ED-8835-B44FD3BFBCF4}.Release|x64.ActiveCfg = Release|x64
		{D4752F9C-0B3B-46ED-8835-B44FD3BFBCF4}.Release|x64.Build.0 = Release|x64
		{D4752F9C-0B3B-46ED-8835-B44FD3BFBCF4}.Release|x86.ActiveCfg = Release|Win32
		{D4752F9C-0B3B-46ED-8835-B44FD3BFBCF4}.Release|x86.Build.0 = Release|Win32
		{E3EAA102-F8CB-4087-B571-134C804BF222}.Debug|x64.ActiveCfg = Debug|x64
		{E3EAA102-F8CB-4087-B571-134C804BF222}.Debug|x64.Build.0 = Debug|x64
		{E3EAA102-F8CB-4087-B571-134C804BF222}.Debug|x86.ActiveCfg = Debug|Win32
		{E3EAA102-F8CB-4087-B571-134C804BF222}.Debug|x86.Build.0 = Debug|Win32
		{E3EAA102-F8CB-4087-B571-134C804BF222}.Release|x64.ActiveCfg = Release|x64
		{E3EAA102-F8CB-4087-B571-134C804BF222}.Release|x64.Build.0 = Release|x64
		{E3EAA102-F8CB-4087-B571-134C804BF222}.Release|x86.ActiveCfg = Release|Win32
		{E3EAA102-F8CB-4087-B571-134C804BF222}.Release|x86.Build.0 = Release|Win32
		{915095DA-171A-4899-9A8C-2AA08515D084}.Debug|x64.ActiveCfg = Debug|x64
		{915095DA-171A-4899-9A8C-2AA08515D084}.Debug|x64.Build.0 = Debug|x64
		{915095DA-171A-4899-9A8C-2AA08515D084}.Debug|x86.ActiveCfg = Debug|Win32
		{915095DA-171A-4899-9A8C-2AA08515D084}.Debug|x86.Build.0 = Debug|Win32
		{915095DA-171A-4899-9A8C-2AA08515D084}.Release|x64.ActiveCfg = Release|x64
		{915095DA-171A-4899-9A8C-2AA08515D084}.Release|x64.Build.0 = Release|x64
		{915095DA-171A-4899-9A8C-2AA08515D084}.Release|x86.ActiveCfg = Release|Win32
		{915095DA-171A-4899-9A8C-2AA08515D084}.Release|x86.Build.0 = Release|Win32
	EndGlobalSection
	GlobalSection(SolutionProperties) = preSolution
		HideSolutionNode = FALSE
	EndGlobalSection
	GlobalSection(ExtensibilityGlobals) = postSolution
		SolutionGuid = {911D54EB-FCE0-485C-8B57-80090992ECBB}
	EndGlobalSection
EndGlobal
